
Microsoft Visual Studio Solution File, Format Version 12.00
# Visual Studio 2013
VisualStudioVersion = 12.0.30723.0
MinimumVisualStudioVersion = 10.0.40219.1
Project("{FAE04EC0-301F-11D3-BF4B-00C04F79EFBC}") = "appStream", "appStream\appStream.csproj", "{FE6C9283-3FDC-43CE-8674-550028D8A4AA}"
EndProject
Project("{FAE04EC0-301F-11D3-BF4B-00C04F79EFBC}") = "SkeetySoft", "SkeetySoft\SkeetySoft.csproj", "{2A7ACC1E-20D6-4702-BBA2-CAA9F47AE8FE}"
EndProject
Project("{FAE04EC0-301F-11D3-BF4B-00C04F79EFBC}") = "appAsync", "appAsync\appAsync.csproj", "{C08B35DF-DBC1-43B1-A8AF-FD84F8446101}"
EndProject
Project("{FAE04EC0-301F-11D3-BF4B-00C04F79EFBC}") = "WebApplication1", "WebApplication1\WebApplication1.csproj", "{06BBA934-C6DA-47D6-9148-E7EE38EAB691}"
EndProject
Project("{FAE04EC0-301F-11D3-BF4B-00C04F79EFBC}") = "EssentialTools", "EssentialTools\EssentialTools.csproj", "{C1C0C0EE-89C2-488C-90CA-A8204390FF1A}"
EndProject
Project("{FAE04EC0-301F-11D3-BF4B-00C04F79EFBC}") = "EssentialTools.Tests", "EssentialTools.Tests\EssentialTools.Tests.csproj", "{1134D366-2F2C-4C98-82A0-D0B4B729DD3D}"
EndProject
Global
	GlobalSection(SolutionConfigurationPlatforms) = preSolution
		Debug|Any CPU = Debug|Any CPU
		Release|Any CPU = Release|Any CPU
	EndGlobalSection
	GlobalSection(ProjectConfigurationPlatforms) = postSolution
		{FE6C9283-3FDC-43CE-8674-550028D8A4AA}.Debug|Any CPU.ActiveCfg = Debug|Any CPU
		{FE6C9283-3FDC-43CE-8674-550028D8A4AA}.Debug|Any CPU.Build.0 = Debug|Any CPU
		{FE6C9283-3FDC-43CE-8674-550028D8A4AA}.Release|Any CPU.ActiveCfg = Release|Any CPU
		{FE6C9283-3FDC-43CE-8674-550028D8A4AA}.Release|Any CPU.Build.0 = Release|Any CPU
		{2A7ACC1E-20D6-4702-BBA2-CAA9F47AE8FE}.Debug|Any CPU.ActiveCfg = Debug|Any CPU
		{2A7ACC1E-20D6-4702-BBA2-CAA9F47AE8FE}.Debug|Any CPU.Build.0 = Debug|Any CPU
		{2A7ACC1E-20D6-4702-BBA2-CAA9F47AE8FE}.Release|Any CPU.ActiveCfg = Release|Any CPU
		{2A7ACC1E-20D6-4702-BBA2-CAA9F47AE8FE}.Release|Any CPU.Build.0 = Release|Any CPU
		{C08B35DF-DBC1-43B1-A8AF-FD84F8446101}.Debug|Any CPU.ActiveCfg = Debug|Any CPU
		{C08B35DF-DBC1-43B1-A8AF-FD84F8446101}.Debug|Any CPU.Build.0 = Debug|Any CPU
		{C08B35DF-DBC1-43B1-A8AF-FD84F8446101}.Release|Any CPU.ActiveCfg = Release|Any CPU
		{C08B35DF-DBC1-43B1-A8AF-FD84F8446101}.Release|Any CPU.Build.0 = Release|Any CPU
		{06BBA934-C6DA-47D6-9148-E7EE38EAB691}.Debug|Any CPU.ActiveCfg = Debug|Any CPU
		{06BBA934-C6DA-47D6-9148-E7EE38EAB691}.Debug|Any CPU.Build.0 = Debug|Any CPU
		{06BBA934-C6DA-47D6-9148-E7EE38EAB691}.Release|Any CPU.ActiveCfg = Release|Any CPU
		{06BBA934-C6DA-47D6-9148-E7EE38EAB691}.Release|Any CPU.Build.0 = Release|Any CPU
		{C1C0C0EE-89C2-488C-90CA-A8204390FF1A}.Debug|Any CPU.ActiveCfg = Debug|Any CPU
		{C1C0C0EE-89C2-488C-90CA-A8204390FF1A}.Debug|Any CPU.Build.0 = Debug|Any CPU
		{C1C0C0EE-89C2-488C-90CA-A8204390FF1A}.Release|Any CPU.ActiveCfg = Release|Any CPU
		{C1C0C0EE-89C2-488C-90CA-A8204390FF1A}.Release|Any CPU.Build.0 = Release|Any CPU
		{1134D366-2F2C-4C98-82A0-D0B4B729DD3D}.Debug|Any CPU.ActiveCfg = Debug|Any CPU
		{1134D366-2F2C-4C98-82A0-D0B4B729DD3D}.Debug|Any CPU.Build.0 = Debug|Any CPU
		{1134D366-2F2C-4C98-82A0-D0B4B729DD3D}.Release|Any CPU.ActiveCfg = Release|Any CPU
		{1134D366-2F2C-4C98-82A0-D0B4B729DD3D}.Release|Any CPU.Build.0 = Release|Any CPU
	EndGlobalSection
	GlobalSection(SolutionProperties) = preSolution
		HideSolutionNode = FALSE
	EndGlobalSection
EndGlobal
